// !$*UTF8*$!
{
	archiveVersion = 1;
	classes = {
	};
	objectVersion = 77;
	objects = {

/* Begin PBXBuildFile section */
		63203FD12DF9825E0064488F /* Assets.xcassets in Resources */ = {isa = PBXBuildFile; fileRef = 63203FCD2DF9825E0064488F /* Assets.xcassets */; };
		63203FD32DF9825F0064488F /* LiquidQuizApp.swift in Sources */ = {isa = PBXBuildFile; fileRef = 63203FCF2DF9825E0064488F /* LiquidQuizApp.swift */; };
		6332A0062DF996480020252D /* CreateQuizView.swift in Sources */ = {isa = PBXBuildFile; fileRef = 6332A0052DF996480020252D /* CreateQuizView.swift */; };
		63688C452DFB692500EE06EB /* ProgressBarView.swift in Sources */ = {isa = PBXBuildFile; fileRef = 63688C442DFB692500EE06EB /* ProgressBarView.swift */; };
		63C70CAC2DF9F70B0081B4E2 /* LaunchScreen.storyboard in Resources */ = {isa = PBXBuildFile; fileRef = 63C70CAB2DF9F70B0081B4E2 /* LaunchScreen.storyboard */; };
		63C70D132DFA03B00081B4E2 /* QuizDifficultyModel.swift in Sources */ = {isa = PBXBuildFile; fileRef = 63C70D122DFA03A80081B4E2 /* QuizDifficultyModel.swift */; };
		63C70D172DFA2A640081B4E2 /* QuizModel.swift in Sources */ = {isa = PBXBuildFile; fileRef = 63C70D162DFA2A620081B4E2 /* QuizModel.swift */; };
		63C70D192DFA2B8C0081B4E2 /* QuizSelfView.swift in Sources */ = {isa = PBXBuildFile; fileRef = 63C70D182DFA2B8C0081B4E2 /* QuizSelfView.swift */; };
		63D45A1C2DF9BC640065EC65 /* ShadowAnimatedGradient.swift in Sources */ = {isa = PBXBuildFile; fileRef = 63D45A1B2DF9BC640065EC65 /* ShadowAnimatedGradient.swift */; };
		63D45A1E2DF9D12C0065EC65 /* ColorExtension.swift in Sources */ = {isa = PBXBuildFile; fileRef = 63D45A1D2DF9D12C0065EC65 /* ColorExtension.swift */; };
		63D45A212DF9DDA60065EC65 /* QuizViewModel.swift in Sources */ = {isa = PBXBuildFile; fileRef = 63D45A202DF9DDA00065EC65 /* QuizViewModel.swift */; };
		63D45A232DF9DFF30065EC65 /* CountRangeModel.swift in Sources */ = {isa = PBXBuildFile; fileRef = 63D45A222DF9DFE90065EC65 /* CountRangeModel.swift */; };
		63D45A262DF9E0EF0065EC65 /* CreateQuizControllersView.swift in Sources */ = {isa = PBXBuildFile; fileRef = 63D45A252DF9E0EF0065EC65 /* CreateQuizControllersView.swift */; };
		63D45A282DF9E26F0065EC65 /* GlassContainerButtons.swift in Sources */ = {isa = PBXBuildFile; fileRef = 63D45A272DF9E26F0065EC65 /* GlassContainerButtons.swift */; };
		63D45A2B2DF9E4B70065EC65 /* GlassUnionButtons.swift in Sources */ = {isa = PBXBuildFile; fileRef = 63D45A2A2DF9E4B70065EC65 /* GlassUnionButtons.swift */; };
		63D45A2D2DF9E5650065EC65 /* GlassDynamicButtons.swift in Sources */ = {isa = PBXBuildFile; fileRef = 63D45A2C2DF9E5650065EC65 /* GlassDynamicButtons.swift */; };
		63D969942DF9E942008DE1F8 /* RandomThemeModel.swift in Sources */ = {isa = PBXBuildFile; fileRef = 63D969932DF9E93D008DE1F8 /* RandomThemeModel.swift */; };
		63DB09802DF99D4B00A58493 /* LiquidAppIcon.icon in Resources */ = {isa = PBXBuildFile; fileRef = 63DB097F2DF99D4B00A58493 /* LiquidAppIcon.icon */; };
		63DB09832DF9A3B100A58493 /* Texts.swift in Sources */ = {isa = PBXBuildFile; fileRef = 63DB09822DF9A3AD00A58493 /* Texts.swift */; };
		63DB09852DF9A6CA00A58493 /* ImageExtension.swift in Sources */ = {isa = PBXBuildFile; fileRef = 63DB09842DF9A6AA00A58493 /* ImageExtension.swift */; };
/* End PBXBuildFile section */

/* Begin PBXFileReference section */
		63203FBF2DF982520064488F /* LiquidQuiz.app */ = {isa = PBXFileReference; explicitFileType = wrapper.application; includeInIndex = 0; path = LiquidQuiz.app; sourceTree = BUILT_PRODUCTS_DIR; };
		63203FCD2DF9825E0064488F /* Assets.xcassets */ = {isa = PBXFileReference; lastKnownFileType = folder.assetcatalog; path = Assets.xcassets; sourceTree = "<group>"; };
		63203FCF2DF9825E0064488F /* LiquidQuizApp.swift */ = {isa = PBXFileReference; lastKnownFileType = sourcecode.swift; path = LiquidQuizApp.swift; sourceTree = "<group>"; };
		6320403C2DF985050064488F /* Info.plist */ = {isa = PBXFileReference; lastKnownFileType = text.plist; path = Info.plist; sourceTree = "<group>"; };
		6332A0052DF996480020252D /* CreateQuizView.swift */ = {isa = PBXFileReference; lastKnownFileType = sourcecode.swift; path = CreateQuizView.swift; sourceTree = "<group>"; };
		63688C442DFB692500EE06EB /* ProgressBarView.swift */ = {isa = PBXFileReference; lastKnownFileType = sourcecode.swift; path = ProgressBarView.swift; sourceTree = "<group>"; };
		63C70CAB2DF9F70B0081B4E2 /* LaunchScreen.storyboard */ = {isa = PBXFileReference; lastKnownFileType = file.storyboard; path = LaunchScreen.storyboard; sourceTree = "<group>"; };
		63C70D122DFA03A80081B4E2 /* QuizDifficultyModel.swift */ = {isa = PBXFileReference; lastKnownFileType = sourcecode.swift; path = QuizDifficultyModel.swift; sourceTree = "<group>"; };
		63C70D162DFA2A620081B4E2 /* QuizModel.swift */ = {isa = PBXFileReference; lastKnownFileType = sourcecode.swift; path = QuizModel.swift; sourceTree = "<group>"; };
		63C70D182DFA2B8C0081B4E2 /* QuizSelfView.swift */ = {isa = PBXFileReference; lastKnownFileType = sourcecode.swift; path = QuizSelfView.swift; sourceTree = "<group>"; };
		63D45A1B2DF9BC640065EC65 /* ShadowAnimatedGradient.swift */ = {isa = PBXFileReference; lastKnownFileType = sourcecode.swift; path = ShadowAnimatedGradient.swift; sourceTree = "<group>"; };
		63D45A1D2DF9D12C0065EC65 /* ColorExtension.swift */ = {isa = PBXFileReference; lastKnownFileType = sourcecode.swift; path = ColorExtension.swift; sourceTree = "<group>"; };
		63D45A202DF9DDA00065EC65 /* QuizViewModel.swift */ = {isa = PBXFileReference; lastKnownFileType = sourcecode.swift; path = QuizViewModel.swift; sourceTree = "<group>"; };
		63D45A222DF9DFE90065EC65 /* CountRangeModel.swift */ = {isa = PBXFileReference; lastKnownFileType = sourcecode.swift; path = CountRangeModel.swift; sourceTree = "<group>"; };
		63D45A252DF9E0EF0065EC65 /* CreateQuizControllersView.swift */ = {isa = PBXFileReference; lastKnownFileType = sourcecode.swift; path = CreateQuizControllersView.swift; sourceTree = "<group>"; };
		63D45A272DF9E26F0065EC65 /* GlassContainerButtons.swift */ = {isa = PBXFileReference; lastKnownFileType = sourcecode.swift; path = GlassContainerButtons.swift; sourceTree = "<group>"; };
		63D45A2A2DF9E4B70065EC65 /* GlassUnionButtons.swift */ = {isa = PBXFileReference; lastKnownFileType = sourcecode.swift; path = GlassUnionButtons.swift; sourceTree = "<group>"; };
		63D45A2C2DF9E5650065EC65 /* GlassDynamicButtons.swift */ = {isa = PBXFileReference; lastKnownFileType = sourcecode.swift; path = GlassDynamicButtons.swift; sourceTree = "<group>"; };
		63D969932DF9E93D008DE1F8 /* RandomThemeModel.swift */ = {isa = PBXFileReference; lastKnownFileType = sourcecode.swift; path = RandomThemeModel.swift; sourceTree = "<group>"; };
		63DB097F2DF99D4B00A58493 /* LiquidAppIcon.icon */ = {isa = PBXFileReference; lastKnownFileType = folder.iconcomposer.icon; path = LiquidAppIcon.icon; sourceTree = "<group>"; };
		63DB09822DF9A3AD00A58493 /* Texts.swift */ = {isa = PBXFileReference; lastKnownFileType = sourcecode.swift; path = Texts.swift; sourceTree = "<group>"; };
		63DB09842DF9A6AA00A58493 /* ImageExtension.swift */ = {isa = PBXFileReference; lastKnownFileType = sourcecode.swift; path = ImageExtension.swift; sourceTree = "<group>"; };
/* End PBXFileReference section */

/* Begin PBXFrameworksBuildPhase section */
		63203FBC2DF982520064488F /* Frameworks */ = {
			isa = PBXFrameworksBuildPhase;
			buildActionMask = 2147483647;
			files = (
			);
			runOnlyForDeploymentPostprocessing = 0;
		};
/* End PBXFrameworksBuildPhase section */

/* Begin PBXGroup section */
		63203FB62DF982520064488F = {
			isa = PBXGroup;
			children = (
				63203FD02DF9825E0064488F /* LiquidQuiz */,
				63203FC02DF982520064488F /* Products */,
			);
			sourceTree = "<group>";
		};
		63203FC02DF982520064488F /* Products */ = {
			isa = PBXGroup;
			children = (
				63203FBF2DF982520064488F /* LiquidQuiz.app */,
			);
			name = Products;
			sourceTree = "<group>";
		};
		63203FD02DF9825E0064488F /* LiquidQuiz */ = {
			isa = PBXGroup;
			children = (
				63203FD42DF983BF0064488F /* Application */,
				63203FD52DF983C90064488F /* Modules */,
				63DB09812DF9A38E00A58493 /* Extensions */,
				63203FD62DF983D20064488F /* SupportFiles */,
				6320403C2DF985050064488F /* Info.plist */,
			);
			path = LiquidQuiz;
			sourceTree = "<group>";
		};
		63203FD42DF983BF0064488F /* Application */ = {
			isa = PBXGroup;
			children = (
				63203FCF2DF9825E0064488F /* LiquidQuizApp.swift */,
			);
			path = Application;
			sourceTree = "<group>";
		};
		63203FD52DF983C90064488F /* Modules */ = {
			isa = PBXGroup;
			children = (
				63C70CA92DF9F6E90081B4E2 /* SplashScreen */,
				63C70CAA2DF9F6F10081B4E2 /* QuizModule */,
			);
			path = Modules;
			sourceTree = "<group>";
		};
		63203FD62DF983D20064488F /* SupportFiles */ = {
			isa = PBXGroup;
			children = (
				63203FCD2DF9825E0064488F /* Assets.xcassets */,
				63DB097F2DF99D4B00A58493 /* LiquidAppIcon.icon */,
			);
			path = SupportFiles;
			sourceTree = "<group>";
		};
		634AC53B2DFC215D00C31DA0 /* Subviews */ = {
			isa = PBXGroup;
			children = (
			);
			path = Subviews;
			sourceTree = "<group>";
		};
		63C70CA92DF9F6E90081B4E2 /* SplashScreen */ = {
			isa = PBXGroup;
			children = (
				63C70CAB2DF9F70B0081B4E2 /* LaunchScreen.storyboard */,
			);
			path = SplashScreen;
			sourceTree = "<group>";
		};
		63C70CAA2DF9F6F10081B4E2 /* QuizModule */ = {
			isa = PBXGroup;
			children = (
				63D45A242DF9DFF80065EC65 /* Model */,
				63D45A192DF9BC3F0065EC65 /* View */,
				63D45A1F2DF9DD950065EC65 /* ViewModel */,
			);
			path = QuizModule;
			sourceTree = "<group>";
		};
		63C70D142DFA29EB0081B4E2 /* CreateQuiz */ = {
			isa = PBXGroup;
			children = (
				6332A0052DF996480020252D /* CreateQuizView.swift */,
				63D45A1A2DF9BC460065EC65 /* Subviews */,
			);
			path = CreateQuiz;
			sourceTree = "<group>";
		};
		63C70D152DFA29FD0081B4E2 /* QuizSelf */ = {
			isa = PBXGroup;
			children = (
				634AC53B2DFC215D00C31DA0 /* Subviews */,
				63C70D182DFA2B8C0081B4E2 /* QuizSelfView.swift */,
				63688C442DFB692500EE06EB /* ProgressBarView.swift */,
			);
			path = QuizSelf;
			sourceTree = "<group>";
		};
		63D45A192DF9BC3F0065EC65 /* View */ = {
			isa = PBXGroup;
			children = (
				63C70D142DFA29EB0081B4E2 /* CreateQuiz */,
				63C70D152DFA29FD0081B4E2 /* QuizSelf */,
			);
			path = View;
			sourceTree = "<group>";
		};
		63D45A1A2DF9BC460065EC65 /* Subviews */ = {
			isa = PBXGroup;
			children = (
				63D45A252DF9E0EF0065EC65 /* CreateQuizControllersView.swift */,
				63D45A1B2DF9BC640065EC65 /* ShadowAnimatedGradient.swift */,
				63D45A292DF9E4970065EC65 /* GlassButtons */,
			);
			path = Subviews;
			sourceTree = "<group>";
		};
		63D45A1F2DF9DD950065EC65 /* ViewModel */ = {
			isa = PBXGroup;
			children = (
				63D45A202DF9DDA00065EC65 /* QuizViewModel.swift */,
			);
			path = ViewModel;
			sourceTree = "<group>";
		};
		63D45A242DF9DFF80065EC65 /* Model */ = {
			isa = PBXGroup;
			children = (
				63C70D162DFA2A620081B4E2 /* QuizModel.swift */,
				63C70D122DFA03A80081B4E2 /* QuizDifficultyModel.swift */,
				63D969932DF9E93D008DE1F8 /* RandomThemeModel.swift */,
				63D45A222DF9DFE90065EC65 /* CountRangeModel.swift */,
			);
			path = Model;
			sourceTree = "<group>";
		};
		63D45A292DF9E4970065EC65 /* GlassButtons */ = {
			isa = PBXGroup;
			children = (
				63D45A272DF9E26F0065EC65 /* GlassContainerButtons.swift */,
				63D45A2A2DF9E4B70065EC65 /* GlassUnionButtons.swift */,
				63D45A2C2DF9E5650065EC65 /* GlassDynamicButtons.swift */,
			);
			path = GlassButtons;
			sourceTree = "<group>";
		};
		63DB09812DF9A38E00A58493 /* Extensions */ = {
			isa = PBXGroup;
			children = (
				63DB09822DF9A3AD00A58493 /* Texts.swift */,
				63DB09842DF9A6AA00A58493 /* ImageExtension.swift */,
				63D45A1D2DF9D12C0065EC65 /* ColorExtension.swift */,
			);
			path = Extensions;
			sourceTree = "<group>";
		};
/* End PBXGroup section */

/* Begin PBXNativeTarget section */
		63203FBE2DF982520064488F /* LiquidQuiz */ = {
			isa = PBXNativeTarget;
			buildConfigurationList = 63203FCA2DF982530064488F /* Build configuration list for PBXNativeTarget "LiquidQuiz" */;
			buildPhases = (
				63203FBB2DF982520064488F /* Sources */,
				63203FBC2DF982520064488F /* Frameworks */,
				63203FBD2DF982520064488F /* Resources */,
			);
			buildRules = (
			);
			dependencies = (
			);
			name = LiquidQuiz;
			packageProductDependencies = (
			);
			productName = LiquidQuiz;
			productReference = 63203FBF2DF982520064488F /* LiquidQuiz.app */;
			productType = "com.apple.product-type.application";
		};
/* End PBXNativeTarget section */

/* Begin PBXProject section */
		63203FB72DF982520064488F /* Project object */ = {
			isa = PBXProject;
			attributes = {
				BuildIndependentTargetsInParallel = 1;
				LastSwiftUpdateCheck = 2600;
				LastUpgradeCheck = 2600;
				TargetAttributes = {
					63203FBE2DF982520064488F = {
						CreatedOnToolsVersion = 26.0;
					};
				};
			};
			buildConfigurationList = 63203FBA2DF982520064488F /* Build configuration list for PBXProject "LiquidQuiz" */;
			developmentRegion = en;
			hasScannedForEncodings = 0;
			knownRegions = (
				en,
				Base,
			);
			mainGroup = 63203FB62DF982520064488F;
			minimizedProjectReferenceProxies = 1;
			preferredProjectObjectVersion = 77;
			productRefGroup = 63203FC02DF982520064488F /* Products */;
			projectDirPath = "";
			projectRoot = "";
			targets = (
				63203FBE2DF982520064488F /* LiquidQuiz */,
			);
		};
/* End PBXProject section */

/* Begin PBXResourcesBuildPhase section */
		63203FBD2DF982520064488F /* Resources */ = {
			isa = PBXResourcesBuildPhase;
			buildActionMask = 2147483647;
			files = (
				63C70CAC2DF9F70B0081B4E2 /* LaunchScreen.storyboard in Resources */,
				63203FD12DF9825E0064488F /* Assets.xcassets in Resources */,
				63DB09802DF99D4B00A58493 /* LiquidAppIcon.icon in Resources */,
			);
			runOnlyForDeploymentPostprocessing = 0;
		};
/* End PBXResourcesBuildPhase section */

/* Begin PBXSourcesBuildPhase section */
		63203FBB2DF982520064488F /* Sources */ = {
			isa = PBXSourcesBuildPhase;
			buildActionMask = 2147483647;
			files = (
				63203FD32DF9825F0064488F /* LiquidQuizApp.swift in Sources */,
				63D969942DF9E942008DE1F8 /* RandomThemeModel.swift in Sources */,
				6332A0062DF996480020252D /* CreateQuizView.swift in Sources */,
				63C70D132DFA03B00081B4E2 /* QuizDifficultyModel.swift in Sources */,
				63C70D172DFA2A640081B4E2 /* QuizModel.swift in Sources */,
				63D45A212DF9DDA60065EC65 /* QuizViewModel.swift in Sources */,
				63688C452DFB692500EE06EB /* ProgressBarView.swift in Sources */,
				63DB09832DF9A3B100A58493 /* Texts.swift in Sources */,
				63D45A1E2DF9D12C0065EC65 /* ColorExtension.swift in Sources */,
				63D45A1C2DF9BC640065EC65 /* ShadowAnimatedGradient.swift in Sources */,
				63D45A2D2DF9E5650065EC65 /* GlassDynamicButtons.swift in Sources */,
				63D45A282DF9E26F0065EC65 /* GlassContainerButtons.swift in Sources */,
				63C70D192DFA2B8C0081B4E2 /* QuizSelfView.swift in Sources */,
				63D45A2B2DF9E4B70065EC65 /* GlassUnionButtons.swift in Sources */,
				63DB09852DF9A6CA00A58493 /* ImageExtension.swift in Sources */,
				63D45A262DF9E0EF0065EC65 /* CreateQuizControllersView.swift in Sources */,
				63D45A232DF9DFF30065EC65 /* CountRangeModel.swift in Sources */,
			);
			runOnlyForDeploymentPostprocessing = 0;
		};
/* End PBXSourcesBuildPhase section */

/* Begin XCBuildConfiguration section */
		63203FC82DF982530064488F /* Debug */ = {
			isa = XCBuildConfiguration;
			buildSettings = {
				ALWAYS_SEARCH_USER_PATHS = NO;
				ASSETCATALOG_COMPILER_GENERATE_SWIFT_ASSET_SYMBOL_EXTENSIONS = YES;
				CLANG_ANALYZER_NONNULL = YES;
				CLANG_ANALYZER_NUMBER_OBJECT_CONVERSION = YES_AGGRESSIVE;
				CLANG_CXX_LANGUAGE_STANDARD = "gnu++20";
				CLANG_ENABLE_MODULES = YES;
				CLANG_ENABLE_OBJC_ARC = YES;
				CLANG_ENABLE_OBJC_WEAK = YES;
				CLANG_WARN_BLOCK_CAPTURE_AUTORELEASING = YES;
				CLANG_WARN_BOOL_CONVERSION = YES;
				CLANG_WARN_COMMA = YES;
				CLANG_WARN_CONSTANT_CONVERSION = YES;
				CLANG_WARN_DEPRECATED_OBJC_IMPLEMENTATIONS = YES;
				CLANG_WARN_DIRECT_OBJC_ISA_USAGE = YES_ERROR;
				CLANG_WARN_DOCUMENTATION_COMMENTS = YES;
				CLANG_WARN_EMPTY_BODY = YES;
				CLANG_WARN_ENUM_CONVERSION = YES;
				CLANG_WARN_INFINITE_RECURSION = YES;
				CLANG_WARN_INT_CONVERSION = YES;
				CLANG_WARN_NON_LITERAL_NULL_CONVERSION = YES;
				CLANG_WARN_OBJC_IMPLICIT_RETAIN_SELF = YES;
				CLANG_WARN_OBJC_LITERAL_CONVERSION = YES;
				CLANG_WARN_OBJC_ROOT_CLASS = YES_ERROR;
				CLANG_WARN_QUOTED_INCLUDE_IN_FRAMEWORK_HEADER = YES;
				CLANG_WARN_RANGE_LOOP_ANALYSIS = YES;
				CLANG_WARN_STRICT_PROTOTYPES = YES;
				CLANG_WARN_SUSPICIOUS_MOVE = YES;
				CLANG_WARN_UNGUARDED_AVAILABILITY = YES_AGGRESSIVE;
				CLANG_WARN_UNREACHABLE_CODE = YES;
				CLANG_WARN__DUPLICATE_METHOD_MATCH = YES;
				COPY_PHASE_STRIP = NO;
				DEBUG_INFORMATION_FORMAT = dwarf;
				DEVELOPMENT_TEAM = NAJAJ652LV;
				ENABLE_STRICT_OBJC_MSGSEND = YES;
				ENABLE_TESTABILITY = YES;
				ENABLE_USER_SCRIPT_SANDBOXING = YES;
				GCC_C_LANGUAGE_STANDARD = gnu17;
				GCC_DYNAMIC_NO_PIC = NO;
				GCC_NO_COMMON_BLOCKS = YES;
				GCC_OPTIMIZATION_LEVEL = 0;
				GCC_PREPROCESSOR_DEFINITIONS = (
					"DEBUG=1",
					"$(inherited)",
				);
				GCC_WARN_64_TO_32_BIT_CONVERSION = YES;
				GCC_WARN_ABOUT_RETURN_TYPE = YES_ERROR;
				GCC_WARN_UNDECLARED_SELECTOR = YES;
				GCC_WARN_UNINITIALIZED_AUTOS = YES_AGGRESSIVE;
				GCC_WARN_UNUSED_FUNCTION = YES;
				GCC_WARN_UNUSED_VARIABLE = YES;
				IPHONEOS_DEPLOYMENT_TARGET = 26.0;
				LOCALIZATION_PREFERS_STRING_CATALOGS = YES;
				MTL_ENABLE_DEBUG_INFO = INCLUDE_SOURCE;
				MTL_FAST_MATH = YES;
				ONLY_ACTIVE_ARCH = YES;
				SDKROOT = iphoneos;
				SWIFT_ACTIVE_COMPILATION_CONDITIONS = "DEBUG $(inherited)";
				SWIFT_OPTIMIZATION_LEVEL = "-Onone";
			};
			name = Debug;
		};
		63203FC92DF982530064488F /* Release */ = {
			isa = XCBuildConfiguration;
			buildSettings = {
				ALWAYS_SEARCH_USER_PATHS = NO;
				ASSETCATALOG_COMPILER_GENERATE_SWIFT_ASSET_SYMBOL_EXTENSIONS = YES;
				CLANG_ANALYZER_NONNULL = YES;
				CLANG_ANALYZER_NUMBER_OBJECT_CONVERSION = YES_AGGRESSIVE;
				CLANG_CXX_LANGUAGE_STANDARD = "gnu++20";
				CLANG_ENABLE_MODULES = YES;
				CLANG_ENABLE_OBJC_ARC = YES;
				CLANG_ENABLE_OBJC_WEAK = YES;
				CLANG_WARN_BLOCK_CAPTURE_AUTORELEASING = YES;
				CLANG_WARN_BOOL_CONVERSION = YES;
				CLANG_WARN_COMMA = YES;
				CLANG_WARN_CONSTANT_CONVERSION = YES;
				CLANG_WARN_DEPRECATED_OBJC_IMPLEMENTATIONS = YES;
				CLANG_WARN_DIRECT_OBJC_ISA_USAGE = YES_ERROR;
				CLANG_WARN_DOCUMENTATION_COMMENTS = YES;
				CLANG_WARN_EMPTY_BODY = YES;
				CLANG_WARN_ENUM_CONVERSION = YES;
				CLANG_WARN_INFINITE_RECURSION = YES;
				CLANG_WARN_INT_CONVERSION = YES;
				CLANG_WARN_NON_LITERAL_NULL_CONVERSION = YES;
				CLANG_WARN_OBJC_IMPLICIT_RETAIN_SELF = YES;
				CLANG_WARN_OBJC_LITERAL_CONVERSION = YES;
				CLANG_WARN_OBJC_ROOT_CLASS = YES_ERROR;
				CLANG_WARN_QUOTED_INCLUDE_IN_FRAMEWORK_HEADER = YES;
				CLANG_WARN_RANGE_LOOP_ANALYSIS = YES;
				CLANG_WARN_STRICT_PROTOTYPES = YES;
				CLANG_WARN_SUSPICIOUS_MOVE = YES;
				CLANG_WARN_UNGUARDED_AVAILABILITY = YES_AGGRESSIVE;
				CLANG_WARN_UNREACHABLE_CODE = YES;
				CLANG_WARN__DUPLICATE_METHOD_MATCH = YES;
				COPY_PHASE_STRIP = NO;
				DEBUG_INFORMATION_FORMAT = "dwarf-with-dsym";
				DEVELOPMENT_TEAM = NAJAJ652LV;
				ENABLE_NS_ASSERTIONS = NO;
				ENABLE_STRICT_OBJC_MSGSEND = YES;
				ENABLE_USER_SCRIPT_SANDBOXING = YES;
				GCC_C_LANGUAGE_STANDARD = gnu17;
				GCC_NO_COMMON_BLOCKS = YES;
				GCC_WARN_64_TO_32_BIT_CONVERSION = YES;
				GCC_WARN_ABOUT_RETURN_TYPE = YES_ERROR;
				GCC_WARN_UNDECLARED_SELECTOR = YES;
				GCC_WARN_UNINITIALIZED_AUTOS = YES_AGGRESSIVE;
				GCC_WARN_UNUSED_FUNCTION = YES;
				GCC_WARN_UNUSED_VARIABLE = YES;
				IPHONEOS_DEPLOYMENT_TARGET = 26.0;
				LOCALIZATION_PREFERS_STRING_CATALOGS = YES;
				MTL_ENABLE_DEBUG_INFO = NO;
				MTL_FAST_MATH = YES;
				SDKROOT = iphoneos;
				SWIFT_COMPILATION_MODE = wholemodule;
				VALIDATE_PRODUCT = YES;
			};
			name = Release;
		};
		63203FCB2DF982530064488F /* Debug */ = {
			isa = XCBuildConfiguration;
			buildSettings = {
				ASSETCATALOG_COMPILER_APPICON_NAME = LiquidAppIcon;
				ASSETCATALOG_COMPILER_GLOBAL_ACCENT_COLOR_NAME = AccentColor;
				CODE_SIGN_STYLE = Automatic;
				CURRENT_PROJECT_VERSION = 1;
				DEVELOPMENT_TEAM = NAJAJ652LV;
				ENABLE_PREVIEWS = YES;
				GENERATE_INFOPLIST_FILE = YES;
				INFOPLIST_FILE = LiquidQuiz/Info.plist;
				INFOPLIST_KEY_CFBundleDisplayName = Liquidia;
				INFOPLIST_KEY_ITSAppUsesNonExemptEncryption = NO;
				INFOPLIST_KEY_LSApplicationCategoryType = "public.app-category.trivia-games";
				INFOPLIST_KEY_UIApplicationSceneManifest_Generation = YES;
				INFOPLIST_KEY_UIApplicationSupportsIndirectInputEvents = YES;
				INFOPLIST_KEY_UILaunchScreen_Generation = YES;
				INFOPLIST_KEY_UILaunchStoryboardName = LaunchScreen.storyboard;
				INFOPLIST_KEY_UISupportedInterfaceOrientations = UIInterfaceOrientationPortrait;
				INFOPLIST_KEY_UISupportedInterfaceOrientations_iPad = "UIInterfaceOrientationLandscapeLeft UIInterfaceOrientationLandscapeRight UIInterfaceOrientationPortrait UIInterfaceOrientationPortraitUpsideDown";
				LD_RUNPATH_SEARCH_PATHS = (
					"$(inherited)",
					"@executable_path/Frameworks",
				);
				MARKETING_VERSION = 0.1.0;
				PRODUCT_BUNDLE_IDENTIFIER = com.avoqode.LiquidQuiz;
				PRODUCT_NAME = "$(TARGET_NAME)";
				STRING_CATALOG_GENERATE_SYMBOLS = YES;
				SUPPORTED_PLATFORMS = "iphoneos iphonesimulator";
				SUPPORTS_MACCATALYST = NO;
				SUPPORTS_MAC_DESIGNED_FOR_IPHONE_IPAD = NO;
				SUPPORTS_XR_DESIGNED_FOR_IPHONE_IPAD = NO;
				SWIFT_DEFAULT_ACTOR_ISOLATION = MainActor;
				SWIFT_EMIT_LOC_STRINGS = YES;
				SWIFT_UPCOMING_FEATURE_MEMBER_IMPORT_VISIBILITY = YES;
				SWIFT_VERSION = 5.0;
				TARGETED_DEVICE_FAMILY = 1;
			};
			name = Debug;
		};
		63203FCC2DF982530064488F /* Release */ = {
			isa = XCBuildConfiguration;
			buildSettings = {
				ASSETCATALOG_COMPILER_APPICON_NAME = LiquidAppIcon;
				ASSETCATALOG_COMPILER_GLOBAL_ACCENT_COLOR_NAME = AccentColor;
				CODE_SIGN_STYLE = Automatic;
				CURRENT_PROJECT_VERSION = 1;
				DEVELOPMENT_TEAM = NAJAJ652LV;
				ENABLE_PREVIEWS = YES;
				GENERATE_INFOPLIST_FILE = YES;
				INFOPLIST_FILE = LiquidQuiz/Info.plist;
				INFOPLIST_KEY_CFBundleDisplayName = Liquidia;
				INFOPLIST_KEY_ITSAppUsesNonExemptEncryption = NO;
				INFOPLIST_KEY_LSApplicationCategoryType = "public.app-category.trivia-games";
				INFOPLIST_KEY_UIApplicationSceneManifest_Generation = YES;
				INFOPLIST_KEY_UIApplicationSupportsIndirectInputEvents = YES;
				INFOPLIST_KEY_UILaunchScreen_Generation = YES;
				INFOPLIST_KEY_UILaunchStoryboardName = LaunchScreen.storyboard;
				INFOPLIST_KEY_UISupportedInterfaceOrientations = UIInterfaceOrientationPortrait;
				INFOPLIST_KEY_UISupportedInterfaceOrientations_iPad = "UIInterfaceOrientationLandscapeLeft UIInterfaceOrientationLandscapeRight UIInterfaceOrientationPortrait UIInterfaceOrientationPortraitUpsideDown";
				LD_RUNPATH_SEARCH_PATHS = (
					"$(inherited)",
					"@executable_path/Frameworks",
				);
				MARKETING_VERSION = 0.1.0;
				PRODUCT_BUNDLE_IDENTIFIER = com.avoqode.LiquidQuiz;
				PRODUCT_NAME = "$(TARGET_NAME)";
				STRING_CATALOG_GENERATE_SYMBOLS = YES;
				SUPPORTED_PLATFORMS = "iphoneos iphonesimulator";
				SUPPORTS_MACCATALYST = NO;
				SUPPORTS_MAC_DESIGNED_FOR_IPHONE_IPAD = NO;
				SUPPORTS_XR_DESIGNED_FOR_IPHONE_IPAD = NO;
				SWIFT_DEFAULT_ACTOR_ISOLATION = MainActor;
				SWIFT_EMIT_LOC_STRINGS = YES;
				SWIFT_UPCOMING_FEATURE_MEMBER_IMPORT_VISIBILITY = YES;
				SWIFT_VERSION = 5.0;
				TARGETED_DEVICE_FAMILY = 1;
			};
			name = Release;
		};
/* End XCBuildConfiguration section */

/* Begin XCConfigurationList section */
		63203FBA2DF982520064488F /* Build configuration list for PBXProject "LiquidQuiz" */ = {
			isa = XCConfigurationList;
			buildConfigurations = (
				63203FC82DF982530064488F /* Debug */,
				63203FC92DF982530064488F /* Release */,
			);
			defaultConfigurationIsVisible = 0;
			defaultConfigurationName = Release;
		};
		63203FCA2DF982530064488F /* Build configuration list for PBXNativeTarget "LiquidQuiz" */ = {
			isa = XCConfigurationList;
			buildConfigurations = (
				63203FCB2DF982530064488F /* Debug */,
				63203FCC2DF982530064488F /* Release */,
			);
			defaultConfigurationIsVisible = 0;
			defaultConfigurationName = Release;
		};
/* End XCConfigurationList section */
	};
	rootObject = 63203FB72DF982520064488F /* Project object */;
}
